// !$*UTF8*$!
{
	archiveVersion = 1;
	classes = {
	};
	objectVersion = 77;
	objects = {

/* Begin PBXBuildFile section */
		000DAD0AD94F834C6F3991EE /* SyncCoordinator.swift in Sources */ = {isa = PBXBuildFile; fileRef = 9ACB0EA71DABFB883ABB4951 /* SyncCoordinator.swift */; };
		02BB2EC5D741DD4F4063A2AA /* JPEGShareItemProviderFactoryTests.swift in Sources */ = {isa = PBXBuildFile; fileRef = 0CF5BC263665A7085DCCC3DF /* JPEGShareItemProviderFactoryTests.swift */; };
		11AE9B250543BE9AB84AF6FF /* ConflictPolicy.swift in Sources */ = {isa = PBXBuildFile; fileRef = 292E49448E2B463C934A4E23 /* ConflictPolicy.swift */; };
		1634C74C5FAA1ACED197E5DF /* RemoteSchemaTests.swift in Sources */ = {isa = PBXBuildFile; fileRef = 36D391B593F7AA91B1627536 /* RemoteSchemaTests.swift */; };
		1668F6CA021A23D61BF18770 /* TransferQueueTests.swift in Sources */ = {isa = PBXBuildFile; fileRef = C080BCFEE3AC45AC9DFA98B1 /* TransferQueueTests.swift */; };
		1BE7EC1F3B9EAAE9039D710C /* GainmapCore.framework in Frameworks */ = {isa = PBXBuildFile; fileRef = 332CD2C6C38C777A9F43D875 /* GainmapCore.framework */; };
		2C53336A4B61647651458D61 /* SyncEngine.swift in Sources */ = {isa = PBXBuildFile; fileRef = 68C9F3D89E25DEBB68CB0D77 /* SyncEngine.swift */; };
		2C697737869076D52F1AC2A7 /* FirebaseFunctions in Frameworks */ = {isa = PBXBuildFile; productRef = 29CB516E66BF848E02E65560 /* FirebaseFunctions */; };
		2C960440F9E110EBF3A68024 /* AuthController.swift in Sources */ = {isa = PBXBuildFile; fileRef = 2E819A7FD4423E61C657A1A4 /* AuthController.swift */; };
		2FA8F26D7A54F274EDBF31DC /* ChangeJournal.swift in Sources */ = {isa = PBXBuildFile; fileRef = 1225BE996FC7FEDCB1205AB6 /* ChangeJournal.swift */; };
		2FDEF65B82A83EA046C505E2 /* FirebaseAuth in Frameworks */ = {isa = PBXBuildFile; productRef = E0828484EE188163B872DB13 /* FirebaseAuth */; };
		33A88DAF60A72446B90B2BA8 /* UHDREncoding.swift in Sources */ = {isa = PBXBuildFile; fileRef = 88E06FF39A7F9C16CBCE2F09 /* UHDREncoding.swift */; };
		34A54E9477991876755D689B /* AutoHDR.swift in Sources */ = {isa = PBXBuildFile; fileRef = D7F4A2A47A3D818B1AD87CE4 /* AutoHDR.swift */; };
		3C5A6E562035D5BC69EB2E48 /* SyncEmulatorTests.swift in Sources */ = {isa = PBXBuildFile; fileRef = F41738FE1697478729D273DE /* SyncEmulatorTests.swift */; };
		3C8F20E3094761A5536B58F8 /* UHDRTool.swift in Sources */ = {isa = PBXBuildFile; fileRef = DFAE322A1C38669037476396 /* UHDRTool.swift */; };
		3D140A12015B3D6DE566D129 /* UHDRRunnerTests.swift in Sources */ = {isa = PBXBuildFile; fileRef = 673984246D552C7109EA5CCD /* UHDRRunnerTests.swift */; };
		3E94CDB0E6D03325B6262D9A /* SignInScreen.swift in Sources */ = {isa = PBXBuildFile; fileRef = 4D00903F4A0FF033B531D999 /* SignInScreen.swift */; };
		3F964A0331724E9F2DF57D74 /* Fixtures in Resources */ = {isa = PBXBuildFile; fileRef = A7E0EEF0C2062B01D8FB7E1C /* Fixtures */; };
		4110187C513997C48894EF16 /* GainmapIOSApp.swift in Sources */ = {isa = PBXBuildFile; fileRef = ECE0EEB1EEFA33DB157C887C /* GainmapIOSApp.swift */; };
		4282D04BFD76F7E218687372 /* GainmapCore.framework in Embed Frameworks */ = {isa = PBXBuildFile; fileRef = 332CD2C6C38C777A9F43D875 /* GainmapCore.framework */; settings = {ATTRIBUTES = (CodeSignOnCopy, RemoveHeadersOnCopy, ); }; };
		4353F7A66F0AC5341617A9E2 /* GoogleService-Info.plist in Resources */ = {isa = PBXBuildFile; fileRef = 461E2B5A38B036E3FBA45F21 /* GoogleService-Info.plist */; };
		480FDCCBAE2A03CE09A8AC1C /* SessionPersistenceTests.swift in Sources */ = {isa = PBXBuildFile; fileRef = 7FB1FEBB04F7462709479766 /* SessionPersistenceTests.swift */; };
		504ED7E226CB9DED90F14CEE /* GainmapCore.framework in Embed Frameworks */ = {isa = PBXBuildFile; fileRef = 332CD2C6C38C777A9F43D875 /* GainmapCore.framework */; settings = {ATTRIBUTES = (CodeSignOnCopy, RemoveHeadersOnCopy, ); }; };
		511EA8EEDBE2BE210CD90A14 /* SyncReconcile.swift in Sources */ = {isa = PBXBuildFile; fileRef = CDACE33C88A5724D5592EAD7 /* SyncReconcile.swift */; };
		51EDD15E0BD10278B037AC27 /* LookControls.swift in Sources */ = {isa = PBXBuildFile; fileRef = DD60B70B5E2C985E4FECF5CB /* LookControls.swift */; };
		524CE930501A8C8099B97122 /* CrashReporting.swift in Sources */ = {isa = PBXBuildFile; fileRef = B4F93B841E3EF26C40ABB82E /* CrashReporting.swift */; };
		556F395C7B289CA7987181DB /* AppModel.swift in Sources */ = {isa = PBXBuildFile; fileRef = F57B9F2DC5560B596670D92C /* AppModel.swift */; };
		5D8902463923300C2AC31246 /* EDRMetalUIView.swift in Sources */ = {isa = PBXBuildFile; fileRef = 8D34FEBB0D393FE8A1F80BF9 /* EDRMetalUIView.swift */; };
		610AA66E6FCCA23C10C0D13C /* Emblem.swift in Sources */ = {isa = PBXBuildFile; fileRef = 965418D8B7E8F5E39232DAA9 /* Emblem.swift */; };
		623D1C80398A64C2B872A2F8 /* MetadataPipelineTests.swift in Sources */ = {isa = PBXBuildFile; fileRef = 46A96AA80D2FF2EE8E4D9FD8 /* MetadataPipelineTests.swift */; };
		6274A258F5CDF8CB58AD3186 /* GMUltraHDR.h in Headers */ = {isa = PBXBuildFile; fileRef = 43000EE58E3A828A1C87402C /* GMUltraHDR.h */; settings = {ATTRIBUTES = (Public, ); }; };
		671268D2121A2B8090439CA6 /* CrashReportingTests.swift in Sources */ = {isa = PBXBuildFile; fileRef = 873F3284796168D1CFD591C1 /* CrashReportingTests.swift */; };
		687B49BAC27AD3E723A3C9B7 /* SessionGridView.swift in Sources */ = {isa = PBXBuildFile; fileRef = C247FA658C54395BBD898A50 /* SessionGridView.swift */; };
		68EFDE0F306CFF20BE06CF3E /* Assets.xcassets in Resources */ = {isa = PBXBuildFile; fileRef = A595990D9CFBE9AFE543A718 /* Assets.xcassets */; };
		6A6F79B0971C31E6689D43F8 /* Helpers in Resources */ = {isa = PBXBuildFile; fileRef = 1D20FCF2B3E0444FD5E141B7 /* Helpers */; };
		6DEE74B569A7F4E7DA81BC16 /* FileSessionStore.swift in Sources */ = {isa = PBXBuildFile; fileRef = C612E37913D7C7E653F70689 /* FileSessionStore.swift */; };
		6EADB27093EA40457C09FB15 /* PhotoExportShareSheet.swift in Sources */ = {isa = PBXBuildFile; fileRef = 6CC85DA28FF253CD9D63821F /* PhotoExportShareSheet.swift */; };
		733BB27D39A27F39905D5983 /* GoogleService-Info.plist in Resources */ = {isa = PBXBuildFile; fileRef = 5B06C3D08145450D9CBABCFA /* GoogleService-Info.plist */; };
		7769410C4CA15450AA458980 /* GainmapCore.h in Headers */ = {isa = PBXBuildFile; fileRef = 11FDD772544FA5C2B7C5F9CD /* GainmapCore.h */; settings = {ATTRIBUTES = (Public, ); }; };
		77F6D432E61C4B5BB3AE9EE4 /* MergeModel.swift in Sources */ = {isa = PBXBuildFile; fileRef = FFEEC538A5C8327C552FA6A7 /* MergeModel.swift */; };
		780BD17117126B92CF61683E /* SyncBackend.swift in Sources */ = {isa = PBXBuildFile; fileRef = E7D72D07C22019F5DD5A2BC4 /* SyncBackend.swift */; };
		78FF931FCF92790BD0765D3B /* Sentry in Frameworks */ = {isa = PBXBuildFile; productRef = 44B06E6BBE8DB15B991067DB /* Sentry */; };
		7D0537C510B04F199FFA4718 /* Theme.swift in Sources */ = {isa = PBXBuildFile; fileRef = 818B66704EA800F8D79E99AB /* Theme.swift */; };
		7F0815CC44447D4F2A905D66 /* RootView.swift in Sources */ = {isa = PBXBuildFile; fileRef = E714682FEA97DEF69FB59246 /* RootView.swift */; };
		82545DAEB1E67B42A2BF07DB /* BatchModelTests.swift in Sources */ = {isa = PBXBuildFile; fileRef = C5CC3CEB11980BEB71ABF803 /* BatchModelTests.swift */; };
		8473060905CBB6658F3A480C /* GlowBakeTests.swift in Sources */ = {isa = PBXBuildFile; fileRef = 9EE006A9D318DEDEB40C9B8B /* GlowBakeTests.swift */; };
		85D2B8A091E537B85A978171 /* SessionSupport.swift in Sources */ = {isa = PBXBuildFile; fileRef = 502B475B8D234D69113EFF10 /* SessionSupport.swift */; };
		91324CFC4C0982668AC0B4B9 /* GainmapApp.swift in Sources */ = {isa = PBXBuildFile; fileRef = 6F7CC53DFEBAA64DB496A218 /* GainmapApp.swift */; };
		95210A4E34C87597B8FA685C /* GainmapCore.framework in Frameworks */ = {isa = PBXBuildFile; fileRef = 332CD2C6C38C777A9F43D875 /* GainmapCore.framework */; };
		9C28F8EA83C73D698B780DA6 /* FirebaseSyncBackend.swift in Sources */ = {isa = PBXBuildFile; fileRef = 48E2E8039BBA6D525B957E45 /* FirebaseSyncBackend.swift */; };
		A08002FCA40F9B7D2279C223 /* PhotoImport.swift in Sources */ = {isa = PBXBuildFile; fileRef = 8949E8EF804BF17B3364867E /* PhotoImport.swift */; };
		A131E01EC10F722DA9B0FB09 /* encoder.cpp in Sources */ = {isa = PBXBuildFile; fileRef = 3D0F67B3CD9921CF2F332B9E /* encoder.cpp */; };
		A5ABD1C3590625457C6F6B6B /* Session.swift in Sources */ = {isa = PBXBuildFile; fileRef = 643458A92911E46854C1760D /* Session.swift */; };
		A7B50B61F55AB544BE4DFEED /* Sparkle in Frameworks */ = {isa = PBXBuildFile; productRef = 8A46E4F2749932129E2112D8 /* Sparkle */; };
		A945053F5BC67E0613357AA0 /* GainmapCore.framework in Frameworks */ = {isa = PBXBuildFile; fileRef = 332CD2C6C38C777A9F43D875 /* GainmapCore.framework */; };
		B2CC9A63B8359FBA0F7E09BE /* UHDRInProcessTests.swift in Sources */ = {isa = PBXBuildFile; fileRef = FF21D86EE80FDB460F30ECB6 /* UHDRInProcessTests.swift */; };
		B3F6CC44B31543345FC0B498 /* TransferQueue.swift in Sources */ = {isa = PBXBuildFile; fileRef = 42F4623F022BCBD3664F0504 /* TransferQueue.swift */; };
		B4BAAF856A4C1A9C89EA1576 /* EditorScreen.swift in Sources */ = {isa = PBXBuildFile; fileRef = F654598B52D62C5B26AA8605 /* EditorScreen.swift */; };
		B91ACF2865BDA7B792EB3D84 /* GainmapUHDR.xcframework in Frameworks */ = {isa = PBXBuildFile; fileRef = 13840E1B2099B88BA7D5A7E3 /* GainmapUHDR.xcframework */; };
		BBCE9828BCAFE611F88D38E3 /* Fixtures in Resources */ = {isa = PBXBuildFile; fileRef = A7E0EEF0C2062B01D8FB7E1C /* Fixtures */; };
		BD89D3D40ADB525D2F35C4DC /* ImageInfo.swift in Sources */ = {isa = PBXBuildFile; fileRef = F8781BCF8D84E651139AA24A /* ImageInfo.swift */; };
		BE6933202C495B9BD3438852 /* Assets.xcassets in Resources */ = {isa = PBXBuildFile; fileRef = 115EE894AA68D0BAE6052326 /* Assets.xcassets */; };
		C089338CE138B684C012A673 /* MergeStateMachineTests.swift in Sources */ = {isa = PBXBuildFile; fileRef = BF0F537221D6ACE639E5465D /* MergeStateMachineTests.swift */; };
		C32B47FF5A57BC1ED4B83E31 /* SessionGridScreen.swift in Sources */ = {isa = PBXBuildFile; fileRef = 9725C349943A1D1E42128D01 /* SessionGridScreen.swift */; };
		C9CC35D85E94FD9A79D080A0 /* FirebaseFirestore in Frameworks */ = {isa = PBXBuildFile; productRef = 52C03F5F57D6F09C7B855234 /* FirebaseFirestore */; };
		CBFDCF04E877096CF9556BA5 /* Fonts in Resources */ = {isa = PBXBuildFile; fileRef = 59EE26C4812D1AA284910546 /* Fonts */; };
		CD1FF393F4392FB563AE11E4 /* UHDRToolProcess.swift in Sources */ = {isa = PBXBuildFile; fileRef = 42D3B0CEAED359F3E3E82961 /* UHDRToolProcess.swift */; };
		DBCBCBB97641D0AD74590AC9 /* GMUltraHDR.mm in Sources */ = {isa = PBXBuildFile; fileRef = A97E42D854C9CF89868D1CCA /* GMUltraHDR.mm */; };
		DBE436458454E999A9D317C9 /* ConflictPolicyTests.swift in Sources */ = {isa = PBXBuildFile; fileRef = A00124FB82D4ABCB82CD16A1 /* ConflictPolicyTests.swift */; };
		DCAB7346655E06163E209EA7 /* HDRPreview.swift in Sources */ = {isa = PBXBuildFile; fileRef = 6217F04A9CC118CB3DDAF78A /* HDRPreview.swift */; };
		DDA97D328EF6F082B2DE12DB /* FirebaseStorage in Frameworks */ = {isa = PBXBuildFile; productRef = F11644BF50D9E92E97E3D941 /* FirebaseStorage */; };
		E053F38938114B06452877CD /* ContentView.swift in Sources */ = {isa = PBXBuildFile; fileRef = F86867ECF5D1B007D2A8C74E /* ContentView.swift */; };
		E1D0A7A09EFD2F019304DE87 /* GainmapCore.framework in Embed Frameworks */ = {isa = PBXBuildFile; fileRef = 332CD2C6C38C777A9F43D875 /* GainmapCore.framework */; settings = {ATTRIBUTES = (CodeSignOnCopy, RemoveHeadersOnCopy, ); }; };
		E4CE797FA4E7CEF588011FC4 /* PrivacyInfo.xcprivacy in Resources */ = {isa = PBXBuildFile; fileRef = E075AE63A2066012862D0592 /* PrivacyInfo.xcprivacy */; };
		E88B39DB26B8C6FD0B6A0EDC /* JPEGShareItemProviderFactory.swift in Sources */ = {isa = PBXBuildFile; fileRef = 89A8E5DF456AFF038CB34413 /* JPEGShareItemProviderFactory.swift */; };
		E94DBE68387CAF9B699BA628 /* BatchFilmstrip.swift in Sources */ = {isa = PBXBuildFile; fileRef = FB8C20FB65286FF56F6500BE /* BatchFilmstrip.swift */; };
		ECA052E8CD5D14D7E608771C /* SameLookForAllTests.swift in Sources */ = {isa = PBXBuildFile; fileRef = F7450C1F82931F08DBDA338A /* SameLookForAllTests.swift */; };
		EE91BD882A737A60B20FEF72 /* Fonts in Resources */ = {isa = PBXBuildFile; fileRef = 59EE26C4812D1AA284910546 /* Fonts */; };
		F0B1E05E95F7AE467F18A7F9 /* GainmapCore.framework in Frameworks */ = {isa = PBXBuildFile; fileRef = 332CD2C6C38C777A9F43D875 /* GainmapCore.framework */; };
		F48A7F12911D1B28FA871F66 /* VersionGate.swift in Sources */ = {isa = PBXBuildFile; fileRef = D7CE84E8E0B118C097C9250A /* VersionGate.swift */; };
		F8E5329B5396BFE0AC44C4EE /* GainmapCore.framework in Embed Frameworks */ = {isa = PBXBuildFile; fileRef = 332CD2C6C38C777A9F43D875 /* GainmapCore.framework */; settings = {ATTRIBUTES = (CodeSignOnCopy, RemoveHeadersOnCopy, ); }; };
		FE919413C4ADF85E2E3DDEDF /* RemoteSchema.swift in Sources */ = {isa = PBXBuildFile; fileRef = 60A60C791EED9EFFF22D952E /* RemoteSchema.swift */; };
/* End PBXBuildFile section */

/* Begin PBXContainerItemProxy section */
		193C987B75E327E929490AD2 /* PBXContainerItemProxy */ = {
			isa = PBXContainerItemProxy;
			containerPortal = 8A431407F4F415619ED5F5DA /* Project object */;
			proxyType = 1;
			remoteGlobalIDString = E31032D625AD235D398E79BB;
			remoteInfo = GainmapCore;
		};
		CC17684D739EA0C3CDE8E398 /* PBXContainerItemProxy */ = {
			isa = PBXContainerItemProxy;
			containerPortal = 8A431407F4F415619ED5F5DA /* Project object */;
			proxyType = 1;
			remoteGlobalIDString = E31032D625AD235D398E79BB;
			remoteInfo = GainmapCore;
		};
		EED31E37E04E996D6B28EBCE /* PBXContainerItemProxy */ = {
			isa = PBXContainerItemProxy;
			containerPortal = 8A431407F4F415619ED5F5DA /* Project object */;
			proxyType = 1;
			remoteGlobalIDString = E31032D625AD235D398E79BB;
			remoteInfo = GainmapCore;
		};
		F7A2D5C56CAD25C9148E6F56 /* PBXContainerItemProxy */ = {
			isa = PBXContainerItemProxy;
			containerPortal = 8A431407F4F415619ED5F5DA /* Project object */;
			proxyType = 1;
			remoteGlobalIDString = E31032D625AD235D398E79BB;
			remoteInfo = GainmapCore;
		};
		F92C92C7B32BC94B8C79146E /* PBXContainerItemProxy */ = {
			isa = PBXContainerItemProxy;
			containerPortal = 8A431407F4F415619ED5F5DA /* Project object */;
			proxyType = 1;
			remoteGlobalIDString = AB9AC3C25BF892D2322DE2A8;
			remoteInfo = Gainmap;
		};
/* End PBXContainerItemProxy section */

/* Begin PBXCopyFilesBuildPhase section */
		1E4EA3B87930DDA333B85087 /* Embed Frameworks */ = {
			isa = PBXCopyFilesBuildPhase;
			buildActionMask = 2147483647;
			dstPath = "";
			dstSubfolderSpec = 10;
			files = (
				504ED7E226CB9DED90F14CEE /* GainmapCore.framework in Embed Frameworks */,
			);
			name = "Embed Frameworks";
			runOnlyForDeploymentPostprocessing = 0;
		};
		8147E563815354313BCCF852 /* Embed Frameworks */ = {
			isa = PBXCopyFilesBuildPhase;
			buildActionMask = 2147483647;
			dstPath = "";
			dstSubfolderSpec = 10;
			files = (
				E1D0A7A09EFD2F019304DE87 /* GainmapCore.framework in Embed Frameworks */,
			);
			name = "Embed Frameworks";
			runOnlyForDeploymentPostprocessing = 0;
		};
		AFAE1B1E33F2A6B8E88CFEAB /* Embed Frameworks */ = {
			isa = PBXCopyFilesBuildPhase;
			buildActionMask = 2147483647;
			dstPath = "";
			dstSubfolderSpec = 10;
			files = (
				4282D04BFD76F7E218687372 /* GainmapCore.framework in Embed Frameworks */,
			);
			name = "Embed Frameworks";
			runOnlyForDeploymentPostprocessing = 0;
		};
		C20EFE8E72D88B77777AD328 /* Embed Frameworks */ = {
			isa = PBXCopyFilesBuildPhase;
			buildActionMask = 2147483647;
			dstPath = "";
			dstSubfolderSpec = 10;
			files = (
				F8E5329B5396BFE0AC44C4EE /* GainmapCore.framework in Embed Frameworks */,
			);
			name = "Embed Frameworks";
			runOnlyForDeploymentPostprocessing = 0;
		};
/* End PBXCopyFilesBuildPhase section */

/* Begin PBXFileReference section */
		0CF5BC263665A7085DCCC3DF /* JPEGShareItemProviderFactoryTests.swift */ = {isa = PBXFileReference; lastKnownFileType = sourcecode.swift; path = JPEGShareItemProviderFactoryTests.swift; sourceTree = "<group>"; };
		115EE894AA68D0BAE6052326 /* Assets.xcassets */ = {isa = PBXFileReference; lastKnownFileType = folder.assetcatalog; path = Assets.xcassets; sourceTree = "<group>"; };
		11FDD772544FA5C2B7C5F9CD /* GainmapCore.h */ = {isa = PBXFileReference; lastKnownFileType = sourcecode.c.h; path = GainmapCore.h; sourceTree = "<group>"; };
		1225BE996FC7FEDCB1205AB6 /* ChangeJournal.swift */ = {isa = PBXFileReference; lastKnownFileType = sourcecode.swift; path = ChangeJournal.swift; sourceTree = "<group>"; };
		13840E1B2099B88BA7D5A7E3 /* GainmapUHDR.xcframework */ = {isa = PBXFileReference; lastKnownFileType = wrapper.xcframework; name = GainmapUHDR.xcframework; path = Vendor/GainmapUHDR.xcframework; sourceTree = "<group>"; };
		1D20FCF2B3E0444FD5E141B7 /* Helpers */ = {isa = PBXFileReference; lastKnownFileType = folder; name = Helpers; path = Resources/Helpers; sourceTree = SOURCE_ROOT; };
		1DD2561F42437844489701E2 /* Gainmap-Debug.entitlements */ = {isa = PBXFileReference; lastKnownFileType = text.plist.entitlements; path = "Gainmap-Debug.entitlements"; sourceTree = "<group>"; };
		2564D7C178F56EE47507C4A4 /* Info.plist */ = {isa = PBXFileReference; lastKnownFileType = text.plist; path = Info.plist; sourceTree = "<group>"; };
		26DA6348DDE8CF0665DCD60C /* SyncIntegrationTests.xctest */ = {isa = PBXFileReference; explicitFileType = wrapper.cfbundle; includeInIndex = 0; path = SyncIntegrationTests.xctest; sourceTree = BUILT_PRODUCTS_DIR; };
		292E49448E2B463C934A4E23 /* ConflictPolicy.swift */ = {isa = PBXFileReference; lastKnownFileType = sourcecode.swift; path = ConflictPolicy.swift; sourceTree = "<group>"; };
		2E819A7FD4423E61C657A1A4 /* AuthController.swift */ = {isa = PBXFileReference; lastKnownFileType = sourcecode.swift; path = AuthController.swift; sourceTree = "<group>"; };
		332CD2C6C38C777A9F43D875 /* GainmapCore.framework */ = {isa = PBXFileReference; explicitFileType = wrapper.framework; includeInIndex = 0; path = GainmapCore.framework; sourceTree = BUILT_PRODUCTS_DIR; };
		36D391B593F7AA91B1627536 /* RemoteSchemaTests.swift */ = {isa = PBXFileReference; lastKnownFileType = sourcecode.swift; path = RemoteSchemaTests.swift; sourceTree = "<group>"; };
		3D0F67B3CD9921CF2F332B9E /* encoder.cpp */ = {isa = PBXFileReference; lastKnownFileType = sourcecode.cpp.cpp; path = encoder.cpp; sourceTree = "<group>"; };
		4293AE06E7F423E99FED9186 /* GainmapCoreTests.xctest */ = {isa = PBXFileReference; includeInIndex = 0; lastKnownFileType = wrapper.cfbundle; path = GainmapCoreTests.xctest; sourceTree = BUILT_PRODUCTS_DIR; };
		42D3B0CEAED359F3E3E82961 /* UHDRToolProcess.swift */ = {isa = PBXFileReference; lastKnownFileType = sourcecode.swift; path = UHDRToolProcess.swift; sourceTree = "<group>"; };
		42F4623F022BCBD3664F0504 /* TransferQueue.swift */ = {isa = PBXFileReference; lastKnownFileType = sourcecode.swift; path = TransferQueue.swift; sourceTree = "<group>"; };
		43000EE58E3A828A1C87402C /* GMUltraHDR.h */ = {isa = PBXFileReference; lastKnownFileType = sourcecode.c.h; path = GMUltraHDR.h; sourceTree = "<group>"; };
		461E2B5A38B036E3FBA45F21 /* GoogleService-Info.plist */ = {isa = PBXFileReference; lastKnownFileType = text.plist; path = "GoogleService-Info.plist"; sourceTree = "<group>"; };
		46A96AA80D2FF2EE8E4D9FD8 /* MetadataPipelineTests.swift */ = {isa = PBXFileReference; lastKnownFileType = sourcecode.swift; path = MetadataPipelineTests.swift; sourceTree = "<group>"; };
		48E2E8039BBA6D525B957E45 /* FirebaseSyncBackend.swift */ = {isa = PBXFileReference; lastKnownFileType = sourcecode.swift; path = FirebaseSyncBackend.swift; sourceTree = "<group>"; };
		4D00903F4A0FF033B531D999 /* SignInScreen.swift */ = {isa = PBXFileReference; lastKnownFileType = sourcecode.swift; path = SignInScreen.swift; sourceTree = "<group>"; };
		502B475B8D234D69113EFF10 /* SessionSupport.swift */ = {isa = PBXFileReference; lastKnownFileType = sourcecode.swift; path = SessionSupport.swift; sourceTree = "<group>"; };
		59EE26C4812D1AA284910546 /* Fonts */ = {isa = PBXFileReference; lastKnownFileType = folder; name = Fonts; path = Resources/Fonts; sourceTree = SOURCE_ROOT; };
		5B06C3D08145450D9CBABCFA /* GoogleService-Info.plist */ = {isa = PBXFileReference; lastKnownFileType = text.plist; path = "GoogleService-Info.plist"; sourceTree = "<group>"; };
		60A60C791EED9EFFF22D952E /* RemoteSchema.swift */ = {isa = PBXFileReference; lastKnownFileType = sourcecode.swift; path = RemoteSchema.swift; sourceTree = "<group>"; };
		6217F04A9CC118CB3DDAF78A /* HDRPreview.swift */ = {isa = PBXFileReference; lastKnownFileType = sourcecode.swift; path = HDRPreview.swift; sourceTree = "<group>"; };
		643458A92911E46854C1760D /* Session.swift */ = {isa = PBXFileReference; lastKnownFileType = sourcecode.swift; path = Session.swift; sourceTree = "<group>"; };
		673984246D552C7109EA5CCD /* UHDRRunnerTests.swift */ = {isa = PBXFileReference; lastKnownFileType = sourcecode.swift; path = UHDRRunnerTests.swift; sourceTree = "<group>"; };
		68C9F3D89E25DEBB68CB0D77 /* SyncEngine.swift */ = {isa = PBXFileReference; lastKnownFileType = sourcecode.swift; path = SyncEngine.swift; sourceTree = "<group>"; };
		6CC85DA28FF253CD9D63821F /* PhotoExportShareSheet.swift */ = {isa = PBXFileReference; lastKnownFileType = sourcecode.swift; path = PhotoExportShareSheet.swift; sourceTree = "<group>"; };
		6F7CC53DFEBAA64DB496A218 /* GainmapApp.swift */ = {isa = PBXFileReference; lastKnownFileType = sourcecode.swift; path = GainmapApp.swift; sourceTree = "<group>"; };
		77099E65625A364895E5F6BE /* Gainmap.entitlements */ = {isa = PBXFileReference; lastKnownFileType = text.plist.entitlements; path = Gainmap.entitlements; sourceTree = "<group>"; };
		7FB1FEBB04F7462709479766 /* SessionPersistenceTests.swift */ = {isa = PBXFileReference; lastKnownFileType = sourcecode.swift; path = SessionPersistenceTests.swift; sourceTree = "<group>"; };
		818B66704EA800F8D79E99AB /* Theme.swift */ = {isa = PBXFileReference; lastKnownFileType = sourcecode.swift; path = Theme.swift; sourceTree = "<group>"; };
		873F3284796168D1CFD591C1 /* CrashReportingTests.swift */ = {isa = PBXFileReference; lastKnownFileType = sourcecode.swift; path = CrashReportingTests.swift; sourceTree = "<group>"; };
		88E06FF39A7F9C16CBCE2F09 /* UHDREncoding.swift */ = {isa = PBXFileReference; lastKnownFileType = sourcecode.swift; path = UHDREncoding.swift; sourceTree = "<group>"; };
		8949E8EF804BF17B3364867E /* PhotoImport.swift */ = {isa = PBXFileReference; lastKnownFileType = sourcecode.swift; path = PhotoImport.swift; sourceTree = "<group>"; };
		89A8E5DF456AFF038CB34413 /* JPEGShareItemProviderFactory.swift */ = {isa = PBXFileReference; lastKnownFileType = sourcecode.swift; path = JPEGShareItemProviderFactory.swift; sourceTree = "<group>"; };
		8D34FEBB0D393FE8A1F80BF9 /* EDRMetalUIView.swift */ = {isa = PBXFileReference; lastKnownFileType = sourcecode.swift; path = EDRMetalUIView.swift; sourceTree = "<group>"; };
		965418D8B7E8F5E39232DAA9 /* Emblem.swift */ = {isa = PBXFileReference; lastKnownFileType = sourcecode.swift; path = Emblem.swift; sourceTree = "<group>"; };
		9725C349943A1D1E42128D01 /* SessionGridScreen.swift */ = {isa = PBXFileReference; lastKnownFileType = sourcecode.swift; path = SessionGridScreen.swift; sourceTree = "<group>"; };
		9ACB0EA71DABFB883ABB4951 /* SyncCoordinator.swift */ = {isa = PBXFileReference; lastKnownFileType = sourcecode.swift; path = SyncCoordinator.swift; sourceTree = "<group>"; };
		9EE006A9D318DEDEB40C9B8B /* GlowBakeTests.swift */ = {isa = PBXFileReference; lastKnownFileType = sourcecode.swift; path = GlowBakeTests.swift; sourceTree = "<group>"; };
		A00124FB82D4ABCB82CD16A1 /* ConflictPolicyTests.swift */ = {isa = PBXFileReference; lastKnownFileType = sourcecode.swift; path = ConflictPolicyTests.swift; sourceTree = "<group>"; };
		A595990D9CFBE9AFE543A718 /* Assets.xcassets */ = {isa = PBXFileReference; lastKnownFileType = folder.assetcatalog; path = Assets.xcassets; sourceTree = "<group>"; };
		A7E0EEF0C2062B01D8FB7E1C /* Fixtures */ = {isa = PBXFileReference; lastKnownFileType = folder; name = Fixtures; path = Tests/GainmapCoreTests/Fixtures; sourceTree = SOURCE_ROOT; };
		A97E42D854C9CF89868D1CCA /* GMUltraHDR.mm */ = {isa = PBXFileReference; lastKnownFileType = sourcecode.cpp.objcpp; path = GMUltraHDR.mm; sourceTree = "<group>"; };
		B4F93B841E3EF26C40ABB82E /* CrashReporting.swift */ = {isa = PBXFileReference; lastKnownFileType = sourcecode.swift; path = CrashReporting.swift; sourceTree = "<group>"; };
		BF0F537221D6ACE639E5465D /* MergeStateMachineTests.swift */ = {isa = PBXFileReference; lastKnownFileType = sourcecode.swift; path = MergeStateMachineTests.swift; sourceTree = "<group>"; };
		C080BCFEE3AC45AC9DFA98B1 /* TransferQueueTests.swift */ = {isa = PBXFileReference; lastKnownFileType = sourcecode.swift; path = TransferQueueTests.swift; sourceTree = "<group>"; };
		C247FA658C54395BBD898A50 /* SessionGridView.swift */ = {isa = PBXFileReference; lastKnownFileType = sourcecode.swift; path = SessionGridView.swift; sourceTree = "<group>"; };
		C5CC3CEB11980BEB71ABF803 /* BatchModelTests.swift */ = {isa = PBXFileReference; lastKnownFileType = sourcecode.swift; path = BatchModelTests.swift; sourceTree = "<group>"; };
		C612E37913D7C7E653F70689 /* FileSessionStore.swift */ = {isa = PBXFileReference; lastKnownFileType = sourcecode.swift; path = FileSessionStore.swift; sourceTree = "<group>"; };
		CDACE33C88A5724D5592EAD7 /* SyncReconcile.swift */ = {isa = PBXFileReference; lastKnownFileType = sourcecode.swift; path = SyncReconcile.swift; sourceTree = "<group>"; };
		D7CE84E8E0B118C097C9250A /* VersionGate.swift */ = {isa = PBXFileReference; lastKnownFileType = sourcecode.swift; path = VersionGate.swift; sourceTree = "<group>"; };
		D7F4A2A47A3D818B1AD87CE4 /* AutoHDR.swift */ = {isa = PBXFileReference; lastKnownFileType = sourcecode.swift; path = AutoHDR.swift; sourceTree = "<group>"; };
		DD60B70B5E2C985E4FECF5CB /* LookControls.swift */ = {isa = PBXFileReference; lastKnownFileType = sourcecode.swift; path = LookControls.swift; sourceTree = "<group>"; };
		DFAE322A1C38669037476396 /* UHDRTool.swift */ = {isa = PBXFileReference; lastKnownFileType = sourcecode.swift; path = UHDRTool.swift; sourceTree = "<group>"; };
		E075AE63A2066012862D0592 /* PrivacyInfo.xcprivacy */ = {isa = PBXFileReference; path = PrivacyInfo.xcprivacy; sourceTree = "<group>"; };
		E31D3B58C1C7661BFA0D3E2D /* Gainmap.app */ = {isa = PBXFileReference; explicitFileType = wrapper.application; includeInIndex = 0; path = Gainmap.app; sourceTree = BUILT_PRODUCTS_DIR; };
		E714682FEA97DEF69FB59246 /* RootView.swift */ = {isa = PBXFileReference; lastKnownFileType = sourcecode.swift; path = RootView.swift; sourceTree = "<group>"; };
		E7D72D07C22019F5DD5A2BC4 /* SyncBackend.swift */ = {isa = PBXFileReference; lastKnownFileType = sourcecode.swift; path = SyncBackend.swift; sourceTree = "<group>"; };
		ECE0EEB1EEFA33DB157C887C /* GainmapIOSApp.swift */ = {isa = PBXFileReference; lastKnownFileType = sourcecode.swift; path = GainmapIOSApp.swift; sourceTree = "<group>"; };
		F41738FE1697478729D273DE /* SyncEmulatorTests.swift */ = {isa = PBXFileReference; lastKnownFileType = sourcecode.swift; path = SyncEmulatorTests.swift; sourceTree = "<group>"; };
		F57B9F2DC5560B596670D92C /* AppModel.swift */ = {isa = PBXFileReference; lastKnownFileType = sourcecode.swift; path = AppModel.swift; sourceTree = "<group>"; };
		F654598B52D62C5B26AA8605 /* EditorScreen.swift */ = {isa = PBXFileReference; lastKnownFileType = sourcecode.swift; path = EditorScreen.swift; sourceTree = "<group>"; };
		F7450C1F82931F08DBDA338A /* SameLookForAllTests.swift */ = {isa = PBXFileReference; lastKnownFileType = sourcecode.swift; path = SameLookForAllTests.swift; sourceTree = "<group>"; };
		F86867ECF5D1B007D2A8C74E /* ContentView.swift */ = {isa = PBXFileReference; lastKnownFileType = sourcecode.swift; path = ContentView.swift; sourceTree = "<group>"; };
		F8781BCF8D84E651139AA24A /* ImageInfo.swift */ = {isa = PBXFileReference; lastKnownFileType = sourcecode.swift; path = ImageInfo.swift; sourceTree = "<group>"; };
		FB8C20FB65286FF56F6500BE /* BatchFilmstrip.swift */ = {isa = PBXFileReference; lastKnownFileType = sourcecode.swift; path = BatchFilmstrip.swift; sourceTree = "<group>"; };
		FD68CF76C9B8BE71ACA53CB2 /* GainmapIOS.app */ = {isa = PBXFileReference; includeInIndex = 0; lastKnownFileType = wrapper.application; path = GainmapIOS.app; sourceTree = BUILT_PRODUCTS_DIR; };
		FF21D86EE80FDB460F30ECB6 /* UHDRInProcessTests.swift */ = {isa = PBXFileReference; lastKnownFileType = sourcecode.swift; path = UHDRInProcessTests.swift; sourceTree = "<group>"; };
		FFEEC538A5C8327C552FA6A7 /* MergeModel.swift */ = {isa = PBXFileReference; lastKnownFileType = sourcecode.swift; path = MergeModel.swift; sourceTree = "<group>"; };
/* End PBXFileReference section */

/* Begin PBXFrameworksBuildPhase section */
		2F3636DDC28DF57B10D8426C /* Frameworks */ = {
			isa = PBXFrameworksBuildPhase;
			buildActionMask = 2147483647;
			files = (
				1BE7EC1F3B9EAAE9039D710C /* GainmapCore.framework in Frameworks */,
			);
			runOnlyForDeploymentPostprocessing = 0;
		};
		88A6B1D4360E75C229DEBA3B /* Frameworks */ = {
			isa = PBXFrameworksBuildPhase;
			buildActionMask = 2147483647;
			files = (
				95210A4E34C87597B8FA685C /* GainmapCore.framework in Frameworks */,
			);
			runOnlyForDeploymentPostprocessing = 0;
		};
		9096BDF7A271337E92391717 /* Frameworks */ = {
			isa = PBXFrameworksBuildPhase;
			buildActionMask = 2147483647;
			files = (
				F0B1E05E95F7AE467F18A7F9 /* GainmapCore.framework in Frameworks */,
				A7B50B61F55AB544BE4DFEED /* Sparkle in Frameworks */,
			);
			runOnlyForDeploymentPostprocessing = 0;
		};
		D552C13DDF17ACE9228297BC /* Frameworks */ = {
			isa = PBXFrameworksBuildPhase;
			buildActionMask = 2147483647;
			files = (
				78FF931FCF92790BD0765D3B /* Sentry in Frameworks */,
				B91ACF2865BDA7B792EB3D84 /* GainmapUHDR.xcframework in Frameworks */,
				2FDEF65B82A83EA046C505E2 /* FirebaseAuth in Frameworks */,
				C9CC35D85E94FD9A79D080A0 /* FirebaseFirestore in Frameworks */,
				DDA97D328EF6F082B2DE12DB /* FirebaseStorage in Frameworks */,
				2C697737869076D52F1AC2A7 /* FirebaseFunctions in Frameworks */,
			);
			runOnlyForDeploymentPostprocessing = 0;
		};
		F285DEA7C9B6ACB17E2BF710 /* Frameworks */ = {
			isa = PBXFrameworksBuildPhase;
			buildActionMask = 2147483647;
			files = (
				A945053F5BC67E0613357AA0 /* GainmapCore.framework in Frameworks */,
			);
			runOnlyForDeploymentPostprocessing = 0;
		};
/* End PBXFrameworksBuildPhase section */

/* Begin PBXGroup section */
		00F1EFD23F20FF0B1941918B /* Mac */ = {
			isa = PBXGroup;
			children = (
				4ADB725894D730F74E5CFE83 /* Support */,
				FB8C20FB65286FF56F6500BE /* BatchFilmstrip.swift */,
				F86867ECF5D1B007D2A8C74E /* ContentView.swift */,
				6F7CC53DFEBAA64DB496A218 /* GainmapApp.swift */,
				6217F04A9CC118CB3DDAF78A /* HDRPreview.swift */,
				E714682FEA97DEF69FB59246 /* RootView.swift */,
				9ACB0EA71DABFB883ABB4951 /* SyncCoordinator.swift */,
			);
			path = Mac;
			sourceTree = "<group>";
		};
		127E1D65D0BA6926AE2B5A63 /* Products */ = {
			isa = PBXGroup;
			children = (
				E31D3B58C1C7661BFA0D3E2D /* Gainmap.app */,
				332CD2C6C38C777A9F43D875 /* GainmapCore.framework */,
				4293AE06E7F423E99FED9186 /* GainmapCoreTests.xctest */,
				FD68CF76C9B8BE71ACA53CB2 /* GainmapIOS.app */,
				26DA6348DDE8CF0665DCD60C /* SyncIntegrationTests.xctest */,
			);
			name = Products;
			sourceTree = "<group>";
		};
		1AB20845596281545E0FC270 /* Bridge */ = {
			isa = PBXGroup;
			children = (
				11FDD772544FA5C2B7C5F9CD /* GainmapCore.h */,
				43000EE58E3A828A1C87402C /* GMUltraHDR.h */,
				A97E42D854C9CF89868D1CCA /* GMUltraHDR.mm */,
			);
			path = Bridge;
			sourceTree = "<group>";
		};
		2BC4F0A2995D3980A13A11AA /* src */ = {
			isa = PBXGroup;
			children = (
				3D0F67B3CD9921CF2F332B9E /* encoder.cpp */,
			);
			path = src;
			sourceTree = "<group>";
		};
		4ADB725894D730F74E5CFE83 /* Support */ = {
			isa = PBXGroup;
			children = (
				1DD2561F42437844489701E2 /* Gainmap-Debug.entitlements */,
				77099E65625A364895E5F6BE /* Gainmap.entitlements */,
				2564D7C178F56EE47507C4A4 /* Info.plist */,
			);
			path = Support;
			sourceTree = "<group>";
		};
		5D37EFB9DC5A8FA6CB6A2FCD /* Core */ = {
			isa = PBXGroup;
			children = (
				2E819A7FD4423E61C657A1A4 /* AuthController.swift */,
				D7F4A2A47A3D818B1AD87CE4 /* AutoHDR.swift */,
				1225BE996FC7FEDCB1205AB6 /* ChangeJournal.swift */,
				292E49448E2B463C934A4E23 /* ConflictPolicy.swift */,
				B4F93B841E3EF26C40ABB82E /* CrashReporting.swift */,
				8D34FEBB0D393FE8A1F80BF9 /* EDRMetalUIView.swift */,
				965418D8B7E8F5E39232DAA9 /* Emblem.swift */,
				C612E37913D7C7E653F70689 /* FileSessionStore.swift */,
				48E2E8039BBA6D525B957E45 /* FirebaseSyncBackend.swift */,
				F8781BCF8D84E651139AA24A /* ImageInfo.swift */,
				89A8E5DF456AFF038CB34413 /* JPEGShareItemProviderFactory.swift */,
				DD60B70B5E2C985E4FECF5CB /* LookControls.swift */,
				FFEEC538A5C8327C552FA6A7 /* MergeModel.swift */,
				8949E8EF804BF17B3364867E /* PhotoImport.swift */,
				60A60C791EED9EFFF22D952E /* RemoteSchema.swift */,
				643458A92911E46854C1760D /* Session.swift */,
				C247FA658C54395BBD898A50 /* SessionGridView.swift */,
				502B475B8D234D69113EFF10 /* SessionSupport.swift */,
				E7D72D07C22019F5DD5A2BC4 /* SyncBackend.swift */,
				68C9F3D89E25DEBB68CB0D77 /* SyncEngine.swift */,
				CDACE33C88A5724D5592EAD7 /* SyncReconcile.swift */,
				818B66704EA800F8D79E99AB /* Theme.swift */,
				42F4623F022BCBD3664F0504 /* TransferQueue.swift */,
				88E06FF39A7F9C16CBCE2F09 /* UHDREncoding.swift */,
				DFAE322A1C38669037476396 /* UHDRTool.swift */,
				42D3B0CEAED359F3E3E82961 /* UHDRToolProcess.swift */,
				D7CE84E8E0B118C097C9250A /* VersionGate.swift */,
			);
			path = Core;
			sourceTree = "<group>";
		};
		74CFA849C548EDB4ACAA67DC /* sdrhdr */ = {
			isa = PBXGroup;
			children = (
				95A98A65B5CAE86EC4A123B4 /* upstream */,
			);
			name = sdrhdr;
			path = ..;
			sourceTree = "<group>";
		};
		7FF7E67E191DAA23465D6581 /* Resources */ = {
			isa = PBXGroup;
			children = (
				115EE894AA68D0BAE6052326 /* Assets.xcassets */,
				59EE26C4812D1AA284910546 /* Fonts */,
				5B06C3D08145450D9CBABCFA /* GoogleService-Info.plist */,
				1D20FCF2B3E0444FD5E141B7 /* Helpers */,
			);
			path = Resources;
			sourceTree = "<group>";
		};
		95A98A65B5CAE86EC4A123B4 /* upstream */ = {
			isa = PBXGroup;
			children = (
				2BC4F0A2995D3980A13A11AA /* src */,
			);
			path = upstream;
			sourceTree = "<group>";
		};
		A599FF3307CDFEE8F9A801CA /* SyncIntegrationTests */ = {
			isa = PBXGroup;
			children = (
				F41738FE1697478729D273DE /* SyncEmulatorTests.swift */,
			);
			path = SyncIntegrationTests;
			sourceTree = "<group>";
		};
		ACC3965D13A7C5D1A9BC3231 /* Frameworks */ = {
			isa = PBXGroup;
			children = (
				13840E1B2099B88BA7D5A7E3 /* GainmapUHDR.xcframework */,
			);
			name = Frameworks;
			sourceTree = "<group>";
		};
		AE800318550274EA385894D5 = {
			isa = PBXGroup;
			children = (
				1AB20845596281545E0FC270 /* Bridge */,
				5D37EFB9DC5A8FA6CB6A2FCD /* Core */,
				E4517B4341239CB5E3DD9DFA /* iOS */,
				00F1EFD23F20FF0B1941918B /* Mac */,
				7FF7E67E191DAA23465D6581 /* Resources */,
				74CFA849C548EDB4ACAA67DC /* sdrhdr */,
				D2A62883E0BF40A216ABDD58 /* Tests */,
				ACC3965D13A7C5D1A9BC3231 /* Frameworks */,
				127E1D65D0BA6926AE2B5A63 /* Products */,
			);
			sourceTree = "<group>";
		};
		D2A62883E0BF40A216ABDD58 /* Tests */ = {
			isa = PBXGroup;
			children = (
				D61961227E1BA833FB9F39B2 /* GainmapCoreTests */,
				A599FF3307CDFEE8F9A801CA /* SyncIntegrationTests */,
			);
			path = Tests;
			sourceTree = "<group>";
		};
		D59A2F4F70E3D8EDEE8FEA59 /* Resources */ = {
			isa = PBXGroup;
			children = (
				A595990D9CFBE9AFE543A718 /* Assets.xcassets */,
				461E2B5A38B036E3FBA45F21 /* GoogleService-Info.plist */,
				E075AE63A2066012862D0592 /* PrivacyInfo.xcprivacy */,
			);
			path = Resources;
			sourceTree = "<group>";
		};
		D61961227E1BA833FB9F39B2 /* GainmapCoreTests */ = {
			isa = PBXGroup;
			children = (
				C5CC3CEB11980BEB71ABF803 /* BatchModelTests.swift */,
				A00124FB82D4ABCB82CD16A1 /* ConflictPolicyTests.swift */,
				873F3284796168D1CFD591C1 /* CrashReportingTests.swift */,
				A7E0EEF0C2062B01D8FB7E1C /* Fixtures */,
				9EE006A9D318DEDEB40C9B8B /* GlowBakeTests.swift */,
				0CF5BC263665A7085DCCC3DF /* JPEGShareItemProviderFactoryTests.swift */,
				BF0F537221D6ACE639E5465D /* MergeStateMachineTests.swift */,
				46A96AA80D2FF2EE8E4D9FD8 /* MetadataPipelineTests.swift */,
				36D391B593F7AA91B1627536 /* RemoteSchemaTests.swift */,
				F7450C1F82931F08DBDA338A /* SameLookForAllTests.swift */,
				7FB1FEBB04F7462709479766 /* SessionPersistenceTests.swift */,
				C080BCFEE3AC45AC9DFA98B1 /* TransferQueueTests.swift */,
				FF21D86EE80FDB460F30ECB6 /* UHDRInProcessTests.swift */,
				673984246D552C7109EA5CCD /* UHDRRunnerTests.swift */,
			);
			path = GainmapCoreTests;
			sourceTree = "<group>";
		};
		E4517B4341239CB5E3DD9DFA /* iOS */ = {
			isa = PBXGroup;
			children = (
				D59A2F4F70E3D8EDEE8FEA59 /* Resources */,
				F57B9F2DC5560B596670D92C /* AppModel.swift */,
				F654598B52D62C5B26AA8605 /* EditorScreen.swift */,
				ECE0EEB1EEFA33DB157C887C /* GainmapIOSApp.swift */,
				6CC85DA28FF253CD9D63821F /* PhotoExportShareSheet.swift */,
				9725C349943A1D1E42128D01 /* SessionGridScreen.swift */,
				4D00903F4A0FF033B531D999 /* SignInScreen.swift */,
			);
			path = iOS;
			sourceTree = "<group>";
		};
/* End PBXGroup section */

/* Begin PBXHeadersBuildPhase section */
		14B91E0F4AC73F5E8551C161 /* Headers */ = {
			isa = PBXHeadersBuildPhase;
			buildActionMask = 2147483647;
			files = (
				6274A258F5CDF8CB58AD3186 /* GMUltraHDR.h in Headers */,
				7769410C4CA15450AA458980 /* GainmapCore.h in Headers */,
			);
			runOnlyForDeploymentPostprocessing = 0;
		};
/* End PBXHeadersBuildPhase section */

/* Begin PBXNativeTarget section */
		1299611ACD9A62C8D8A0E8A0 /* GainmapCoreTests */ = {
			isa = PBXNativeTarget;
			buildConfigurationList = DCDCD59D93C5E644790BC363 /* Build configuration list for PBXNativeTarget "GainmapCoreTests" */;
			buildPhases = (
				7D1091472B479A0F4A999FC7 /* Sources */,
				DB34F76CC1EB6FA6ADF97129 /* Resources */,
				2F3636DDC28DF57B10D8426C /* Frameworks */,
				1E4EA3B87930DDA333B85087 /* Embed Frameworks */,
			);
			buildRules = (
			);
			dependencies = (
				3FC6EC0FA57F385729B623A3 /* PBXTargetDependency */,
			);
			name = GainmapCoreTests;
			packageProductDependencies = (
			);
			productName = GainmapCoreTests;
			productReference = 4293AE06E7F423E99FED9186 /* GainmapCoreTests.xctest */;
			productType = "com.apple.product-type.bundle.unit-test";
		};
		56BA62FDD810BA543DE4AFF5 /* GainmapIOS */ = {
			isa = PBXNativeTarget;
			buildConfigurationList = E02EF7E3E46DBAA233C75CEA /* Build configuration list for PBXNativeTarget "GainmapIOS" */;
			buildPhases = (
				92057C61005524F2E85738D4 /* Sources */,
				B3F85D2F53FA72A24CED150A /* Resources */,
				F285DEA7C9B6ACB17E2BF710 /* Frameworks */,
				C20EFE8E72D88B77777AD328 /* Embed Frameworks */,
			);
			buildRules = (
			);
			dependencies = (
				85F101B0A080F3DAA078FC73 /* PBXTargetDependency */,
			);
			name = GainmapIOS;
			packageProductDependencies = (
			);
			productName = GainmapIOS;
			productReference = FD68CF76C9B8BE71ACA53CB2 /* GainmapIOS.app */;
			productType = "com.apple.product-type.application";
		};
		AB9AC3C25BF892D2322DE2A8 /* Gainmap */ = {
			isa = PBXNativeTarget;
			buildConfigurationList = 493732B219A39EB868E00BBB /* Build configuration list for PBXNativeTarget "Gainmap" */;
			buildPhases = (
				F32A272559305086FBF65654 /* Sources */,
				102A32A8D9C80BEBB95702E6 /* Resources */,
				9096BDF7A271337E92391717 /* Frameworks */,
				8147E563815354313BCCF852 /* Embed Frameworks */,
			);
			buildRules = (
			);
			dependencies = (
				B9DBE555A5DD0A614828B4E2 /* PBXTargetDependency */,
			);
			name = Gainmap;
			packageProductDependencies = (
				8A46E4F2749932129E2112D8 /* Sparkle */,
			);
			productName = Gainmap;
			productReference = E31D3B58C1C7661BFA0D3E2D /* Gainmap.app */;
			productType = "com.apple.product-type.application";
		};
		CDA15E7BFA25D4D2AAE4B886 /* SyncIntegrationTests */ = {
			isa = PBXNativeTarget;
			buildConfigurationList = 4C9ABB1FB4F367E50C9D7097 /* Build configuration list for PBXNativeTarget "SyncIntegrationTests" */;
			buildPhases = (
				54D904F768F452AC9A4F9C92 /* Sources */,
				A587E5B45811EB15D4BFA8B8 /* Resources */,
				88A6B1D4360E75C229DEBA3B /* Frameworks */,
				AFAE1B1E33F2A6B8E88CFEAB /* Embed Frameworks */,
			);
			buildRules = (
			);
			dependencies = (
				453C739BED1DD94CFB59DBF2 /* PBXTargetDependency */,
				398EF7F904F656051C77ACE8 /* PBXTargetDependency */,
			);
			name = SyncIntegrationTests;
			packageProductDependencies = (
			);
			productName = SyncIntegrationTests;
			productReference = 26DA6348DDE8CF0665DCD60C /* SyncIntegrationTests.xctest */;
			productType = "com.apple.product-type.bundle.unit-test";
		};
		E31032D625AD235D398E79BB /* GainmapCore */ = {
			isa = PBXNativeTarget;
			buildConfigurationList = 40A7946387D8B68A6C50FEC7 /* Build configuration list for PBXNativeTarget "GainmapCore" */;
			buildPhases = (
				14B91E0F4AC73F5E8551C161 /* Headers */,
				F20F98774B3EC11942E79434 /* Sources */,
				D552C13DDF17ACE9228297BC /* Frameworks */,
			);
			buildRules = (
			);
			dependencies = (
			);
			name = GainmapCore;
			packageProductDependencies = (
				44B06E6BBE8DB15B991067DB /* Sentry */,
				E0828484EE188163B872DB13 /* FirebaseAuth */,
				52C03F5F57D6F09C7B855234 /* FirebaseFirestore */,
				F11644BF50D9E92E97E3D941 /* FirebaseStorage */,
				29CB516E66BF848E02E65560 /* FirebaseFunctions */,
			);
			productName = GainmapCore;
			productReference = 332CD2C6C38C777A9F43D875 /* GainmapCore.framework */;
			productType = "com.apple.product-type.framework";
		};
/* End PBXNativeTarget section */

/* Begin PBXProject section */
		8A431407F4F415619ED5F5DA /* Project object */ = {
			isa = PBXProject;
			attributes = {
				BuildIndependentTargetsInParallel = YES;
				LastUpgradeCheck = 1430;
				TargetAttributes = {
					1299611ACD9A62C8D8A0E8A0 = {
						DevelopmentTeam = S8HQ5TEYDE;
						ProvisioningStyle = Automatic;
					};
					56BA62FDD810BA543DE4AFF5 = {
						DevelopmentTeam = S8HQ5TEYDE;
						ProvisioningStyle = Automatic;
					};
					AB9AC3C25BF892D2322DE2A8 = {
						DevelopmentTeam = S8HQ5TEYDE;
					};
					CDA15E7BFA25D4D2AAE4B886 = {
						DevelopmentTeam = S8HQ5TEYDE;
						ProvisioningStyle = Automatic;
					};
					E31032D625AD235D398E79BB = {
						DevelopmentTeam = S8HQ5TEYDE;
						ProvisioningStyle = Automatic;
					};
				};
			};
			buildConfigurationList = 6A428BDD4BF15B72131871A1 /* Build configuration list for PBXProject "Gainmap" */;
			developmentRegion = en;
			hasScannedForEncodings = 0;
			knownRegions = (
				Base,
				en,
			);
			mainGroup = AE800318550274EA385894D5;
			minimizedProjectReferenceProxies = 1;
			packageReferences = (
				84719C2E6CCA9B414FE6C3FE /* XCRemoteSwiftPackageReference "firebase-ios-sdk" */,
				76AF0D4F3F4038D72AADD75D /* XCRemoteSwiftPackageReference "sentry-cocoa" */,
				DA1CFBB567A00F4BDE5BC12F /* XCRemoteSwiftPackageReference "Sparkle" */,
			);
			preferredProjectObjectVersion = 77;
			productRefGroup = 127E1D65D0BA6926AE2B5A63 /* Products */;
			projectDirPath = "";
			projectRoot = "";
			targets = (
				AB9AC3C25BF892D2322DE2A8 /* Gainmap */,
				E31032D625AD235D398E79BB /* GainmapCore */,
				1299611ACD9A62C8D8A0E8A0 /* GainmapCoreTests */,
				56BA62FDD810BA543DE4AFF5 /* GainmapIOS */,
				CDA15E7BFA25D4D2AAE4B886 /* SyncIntegrationTests */,
			);
		};
/* End PBXProject section */

/* Begin PBXResourcesBuildPhase section */
		102A32A8D9C80BEBB95702E6 /* Resources */ = {
			isa = PBXResourcesBuildPhase;
			buildActionMask = 2147483647;
			files = (
				BE6933202C495B9BD3438852 /* Assets.xcassets in Resources */,
				CBFDCF04E877096CF9556BA5 /* Fonts in Resources */,
				733BB27D39A27F39905D5983 /* GoogleService-Info.plist in Resources */,
				6A6F79B0971C31E6689D43F8 /* Helpers in Resources */,
			);
			runOnlyForDeploymentPostprocessing = 0;
		};
		A587E5B45811EB15D4BFA8B8 /* Resources */ = {
			isa = PBXResourcesBuildPhase;
			buildActionMask = 2147483647;
			files = (
				BBCE9828BCAFE611F88D38E3 /* Fixtures in Resources */,
			);
			runOnlyForDeploymentPostprocessing = 0;
		};
		B3F85D2F53FA72A24CED150A /* Resources */ = {
			isa = PBXResourcesBuildPhase;
			buildActionMask = 2147483647;
			files = (
				68EFDE0F306CFF20BE06CF3E /* Assets.xcassets in Resources */,
				EE91BD882A737A60B20FEF72 /* Fonts in Resources */,
				4353F7A66F0AC5341617A9E2 /* GoogleService-Info.plist in Resources */,
				E4CE797FA4E7CEF588011FC4 /* PrivacyInfo.xcprivacy in Resources */,
			);
			runOnlyForDeploymentPostprocessing = 0;
		};
		DB34F76CC1EB6FA6ADF97129 /* Resources */ = {
			isa = PBXResourcesBuildPhase;
			buildActionMask = 2147483647;
			files = (
				3F964A0331724E9F2DF57D74 /* Fixtures in Resources */,
			);
			runOnlyForDeploymentPostprocessing = 0;
		};
/* End PBXResourcesBuildPhase section */

/* Begin PBXSourcesBuildPhase section */
		54D904F768F452AC9A4F9C92 /* Sources */ = {
			isa = PBXSourcesBuildPhase;
			buildActionMask = 2147483647;
			files = (
				3C5A6E562035D5BC69EB2E48 /* SyncEmulatorTests.swift in Sources */,
			);
			runOnlyForDeploymentPostprocessing = 0;
		};
		7D1091472B479A0F4A999FC7 /* Sources */ = {
			isa = PBXSourcesBuildPhase;
			buildActionMask = 2147483647;
			files = (
				82545DAEB1E67B42A2BF07DB /* BatchModelTests.swift in Sources */,
				DBE436458454E999A9D317C9 /* ConflictPolicyTests.swift in Sources */,
				671268D2121A2B8090439CA6 /* CrashReportingTests.swift in Sources */,
				8473060905CBB6658F3A480C /* GlowBakeTests.swift in Sources */,
				02BB2EC5D741DD4F4063A2AA /* JPEGShareItemProviderFactoryTests.swift in Sources */,
				C089338CE138B684C012A673 /* MergeStateMachineTests.swift in Sources */,
				623D1C80398A64C2B872A2F8 /* MetadataPipelineTests.swift in Sources */,
				1634C74C5FAA1ACED197E5DF /* RemoteSchemaTests.swift in Sources */,
				ECA052E8CD5D14D7E608771C /* SameLookForAllTests.swift in Sources */,
				480FDCCBAE2A03CE09A8AC1C /* SessionPersistenceTests.swift in Sources */,
				1668F6CA021A23D61BF18770 /* TransferQueueTests.swift in Sources */,
				B2CC9A63B8359FBA0F7E09BE /* UHDRInProcessTests.swift in Sources */,
				3D140A12015B3D6DE566D129 /* UHDRRunnerTests.swift in Sources */,
			);
			runOnlyForDeploymentPostprocessing = 0;
		};
		92057C61005524F2E85738D4 /* Sources */ = {
			isa = PBXSourcesBuildPhase;
			buildActionMask = 2147483647;
			files = (
				556F395C7B289CA7987181DB /* AppModel.swift in Sources */,
				B4BAAF856A4C1A9C89EA1576 /* EditorScreen.swift in Sources */,
				4110187C513997C48894EF16 /* GainmapIOSApp.swift in Sources */,
				6EADB27093EA40457C09FB15 /* PhotoExportShareSheet.swift in Sources */,
				C32B47FF5A57BC1ED4B83E31 /* SessionGridScreen.swift in Sources */,
				3E94CDB0E6D03325B6262D9A /* SignInScreen.swift in Sources */,
			);
			runOnlyForDeploymentPostprocessing = 0;
		};
		F20F98774B3EC11942E79434 /* Sources */ = {
			isa = PBXSourcesBuildPhase;
			buildActionMask = 2147483647;
			files = (
				2C960440F9E110EBF3A68024 /* AuthController.swift in Sources */,
				34A54E9477991876755D689B /* AutoHDR.swift in Sources */,
				2FA8F26D7A54F274EDBF31DC /* ChangeJournal.swift in Sources */,
				11AE9B250543BE9AB84AF6FF /* ConflictPolicy.swift in Sources */,
				524CE930501A8C8099B97122 /* CrashReporting.swift in Sources */,
				5D8902463923300C2AC31246 /* EDRMetalUIView.swift in Sources */,
				610AA66E6FCCA23C10C0D13C /* Emblem.swift in Sources */,
				6DEE74B569A7F4E7DA81BC16 /* FileSessionStore.swift in Sources */,
				9C28F8EA83C73D698B780DA6 /* FirebaseSyncBackend.swift in Sources */,
				DBCBCBB97641D0AD74590AC9 /* GMUltraHDR.mm in Sources */,
				BD89D3D40ADB525D2F35C4DC /* ImageInfo.swift in Sources */,
				E88B39DB26B8C6FD0B6A0EDC /* JPEGShareItemProviderFactory.swift in Sources */,
				51EDD15E0BD10278B037AC27 /* LookControls.swift in Sources */,
				77F6D432E61C4B5BB3AE9EE4 /* MergeModel.swift in Sources */,
				A08002FCA40F9B7D2279C223 /* PhotoImport.swift in Sources */,
				FE919413C4ADF85E2E3DDEDF /* RemoteSchema.swift in Sources */,
				A5ABD1C3590625457C6F6B6B /* Session.swift in Sources */,
				687B49BAC27AD3E723A3C9B7 /* SessionGridView.swift in Sources */,
				85D2B8A091E537B85A978171 /* SessionSupport.swift in Sources */,
				780BD17117126B92CF61683E /* SyncBackend.swift in Sources */,
				2C53336A4B61647651458D61 /* SyncEngine.swift in Sources */,
				511EA8EEDBE2BE210CD90A14 /* SyncReconcile.swift in Sources */,
				7D0537C510B04F199FFA4718 /* Theme.swift in Sources */,
				B3F6CC44B31543345FC0B498 /* TransferQueue.swift in Sources */,
				33A88DAF60A72446B90B2BA8 /* UHDREncoding.swift in Sources */,
				3C8F20E3094761A5536B58F8 /* UHDRTool.swift in Sources */,
				CD1FF393F4392FB563AE11E4 /* UHDRToolProcess.swift in Sources */,
				F48A7F12911D1B28FA871F66 /* VersionGate.swift in Sources */,
				A131E01EC10F722DA9B0FB09 /* encoder.cpp in Sources */,
			);
			runOnlyForDeploymentPostprocessing = 0;
		};
		F32A272559305086FBF65654 /* Sources */ = {
			isa = PBXSourcesBuildPhase;
			buildActionMask = 2147483647;
			files = (
				E94DBE68387CAF9B699BA628 /* BatchFilmstrip.swift in Sources */,
				E053F38938114B06452877CD /* ContentView.swift in Sources */,
				91324CFC4C0982668AC0B4B9 /* GainmapApp.swift in Sources */,
				DCAB7346655E06163E209EA7 /* HDRPreview.swift in Sources */,
				7F0815CC44447D4F2A905D66 /* RootView.swift in Sources */,
				000DAD0AD94F834C6F3991EE /* SyncCoordinator.swift in Sources */,
			);
			runOnlyForDeploymentPostprocessing = 0;
		};
/* End PBXSourcesBuildPhase section */

/* Begin PBXTargetDependency section */
		398EF7F904F656051C77ACE8 /* PBXTargetDependency */ = {
			isa = PBXTargetDependency;
			target = E31032D625AD235D398E79BB /* GainmapCore */;
			targetProxy = 193C987B75E327E929490AD2 /* PBXContainerItemProxy */;
		};
		3FC6EC0FA57F385729B623A3 /* PBXTargetDependency */ = {
			isa = PBXTargetDependency;
			target = E31032D625AD235D398E79BB /* GainmapCore */;
			targetProxy = CC17684D739EA0C3CDE8E398 /* PBXContainerItemProxy */;
		};
		453C739BED1DD94CFB59DBF2 /* PBXTargetDependency */ = {
			isa = PBXTargetDependency;
			target = AB9AC3C25BF892D2322DE2A8 /* Gainmap */;
			targetProxy = F92C92C7B32BC94B8C79146E /* PBXContainerItemProxy */;
		};
		85F101B0A080F3DAA078FC73 /* PBXTargetDependency */ = {
			isa = PBXTargetDependency;
			target = E31032D625AD235D398E79BB /* GainmapCore */;
			targetProxy = F7A2D5C56CAD25C9148E6F56 /* PBXContainerItemProxy */;
		};
		B9DBE555A5DD0A614828B4E2 /* PBXTargetDependency */ = {
			isa = PBXTargetDependency;
			target = E31032D625AD235D398E79BB /* GainmapCore */;
			targetProxy = EED31E37E04E996D6B28EBCE /* PBXContainerItemProxy */;
		};
/* End PBXTargetDependency section */

/* Begin XCBuildConfiguration section */
		2E45726F9CD04EDC0053E4DC /* Debug */ = {
			isa = XCBuildConfiguration;
			buildSettings = {
				ASSETCATALOG_COMPILER_APPICON_NAME = AppIcon;
				ASSETCATALOG_COMPILER_GLOBAL_ACCENT_COLOR_NAME = AccentColor;
				CODE_SIGN_ENTITLEMENTS = "Mac/Support/Gainmap-Debug.entitlements";
				COMBINE_HIDPI_IMAGES = YES;
				DEBUG_INFORMATION_FORMAT = "dwarf-with-dsym";
				ENABLE_APP_SANDBOX = NO;
				ENABLE_HARDENED_RUNTIME = YES;
				INFOPLIST_FILE = Mac/Support/Info.plist;
				LD_RUNPATH_SEARCH_PATHS = "@executable_path/../Frameworks";
				PRODUCT_BUNDLE_IDENTIFIER = com.legacylab.gainmap;
				PRODUCT_NAME = Gainmap;
				SDKROOT = macosx;
				SENTRY_DSN = "";
			};
			name = Debug;
		};
		30C23D0002B3E681CFB99938 /* Release */ = {
			isa = XCBuildConfiguration;
			buildSettings = {
				CLANG_CXX_LANGUAGE_STANDARD = "c++17";
				CODE_SIGN_IDENTITY = "";
				CURRENT_PROJECT_VERSION = 1;
				DEFINES_MODULE = YES;
				DYLIB_COMPATIBILITY_VERSION = 1;
				DYLIB_CURRENT_VERSION = 1;
				DYLIB_INSTALL_NAME_BASE = "@rpath";
				FRAMEWORK_SEARCH_PATHS = (
					"$(inherited)",
					"\"Vendor\"",
				);
				GENERATE_INFOPLIST_FILE = YES;
				HEADER_SEARCH_PATHS = (
					"$(SRCROOT)/../upstream/src",
					"$(SRCROOT)/Vendor/GainmapUHDR.xcframework/macos-arm64/Headers",
				);
				INSTALL_PATH = "$(LOCAL_LIBRARY_DIR)/Frameworks";
				LD_RUNPATH_SEARCH_PATHS = (
					"$(inherited)",
					"@executable_path/Frameworks",
				);
				PRODUCT_BUNDLE_IDENTIFIER = com.legacylab.gainmap.core;
				PRODUCT_MODULE_NAME = GainmapCore;
				PRODUCT_NAME = GainmapCore;
				SDKROOT = auto;
				SKIP_INSTALL = YES;
				SUPPORTED_PLATFORMS = "iphoneos iphonesimulator macosx";
				SUPPORTS_MACCATALYST = NO;
				SUPPORTS_MAC_DESIGNED_FOR_IPHONE_IPAD = NO;
				SUPPORTS_XR_DESIGNED_FOR_IPHONE_IPAD = YES;
				TARGETED_DEVICE_FAMILY = "1,2";
				VERSIONING_SYSTEM = "apple-generic";
			};
			name = Release;
		};
		4C0BAE8181C47A6408FA2E5B /* Release */ = {
			isa = XCBuildConfiguration;
			buildSettings = {
				BUNDLE_LOADER = "$(TEST_HOST)";
				GENERATE_INFOPLIST_FILE = YES;
				LD_RUNPATH_SEARCH_PATHS = (
					"$(inherited)",
					"@executable_path/Frameworks",
					"@loader_path/Frameworks",
				);
				PRODUCT_BUNDLE_IDENTIFIER = com.legacylab.gainmap.core.tests;
				SDKROOT = auto;
				SUPPORTED_PLATFORMS = "iphoneos iphonesimulator macosx";
				SUPPORTS_MACCATALYST = NO;
				SUPPORTS_MAC_DESIGNED_FOR_IPHONE_IPAD = NO;
				SUPPORTS_XR_DESIGNED_FOR_IPHONE_IPAD = YES;
				TARGETED_DEVICE_FAMILY = "1,2";
			};
			name = Release;
		};
		55F07678429A9D308D5A35C4 /* Debug */ = {
			isa = XCBuildConfiguration;
			buildSettings = {
				BUNDLE_LOADER = "$(TEST_HOST)";
				GENERATE_INFOPLIST_FILE = YES;
				LD_RUNPATH_SEARCH_PATHS = (
					"$(inherited)",
					"@executable_path/Frameworks",
					"@loader_path/Frameworks",
				);
				PRODUCT_BUNDLE_IDENTIFIER = com.legacylab.gainmap.core.tests;
				SDKROOT = auto;
				SUPPORTED_PLATFORMS = "iphoneos iphonesimulator macosx";
				SUPPORTS_MACCATALYST = NO;
				SUPPORTS_MAC_DESIGNED_FOR_IPHONE_IPAD = NO;
				SUPPORTS_XR_DESIGNED_FOR_IPHONE_IPAD = YES;
				TARGETED_DEVICE_FAMILY = "1,2";
			};
			name = Debug;
		};
		68B1742A65AEFC37D49155DD /* Release */ = {
			isa = XCBuildConfiguration;
			buildSettings = {
				ASSETCATALOG_COMPILER_APPICON_NAME = AppIcon;
				ASSETCATALOG_COMPILER_GLOBAL_ACCENT_COLOR_NAME = AccentColor;
				CODE_SIGN_ENTITLEMENTS = Mac/Support/Gainmap.entitlements;
				CODE_SIGN_IDENTITY = "Developer ID Application: Sam Hurd (S8HQ5TEYDE)";
				CODE_SIGN_STYLE = Manual;
				COMBINE_HIDPI_IMAGES = YES;
				DEBUG_INFORMATION_FORMAT = "dwarf-with-dsym";
				ENABLE_APP_SANDBOX = NO;
				ENABLE_HARDENED_RUNTIME = YES;
				INFOPLIST_FILE = Mac/Support/Info.plist;
				LD_RUNPATH_SEARCH_PATHS = "@executable_path/../Frameworks";
				PRODUCT_BUNDLE_IDENTIFIER = com.legacylab.gainmap;
				PRODUCT_NAME = Gainmap;
				PROVISIONING_PROFILE_SPECIFIER = "Gainmap Developer ID";
				SDKROOT = macosx;
				SENTRY_DSN = "https://553956a1d0e59a781e1ec7dedeee33ba@o4510926726365184.ingest.us.sentry.io/4511583301795840";
			};
			name = Release;
		};
		7CEACC75E86624465AA5833C /* Release */ = {
			isa = XCBuildConfiguration;
			buildSettings = {
				ALWAYS_SEARCH_USER_PATHS = NO;
				ARCHS = arm64;
				CLANG_ANALYZER_NONNULL = YES;
				CLANG_ANALYZER_NUMBER_OBJECT_CONVERSION = YES_AGGRESSIVE;
				CLANG_CXX_LANGUAGE_STANDARD = "gnu++14";
				CLANG_CXX_LIBRARY = "libc++";
				CLANG_ENABLE_MODULES = YES;
				CLANG_ENABLE_OBJC_ARC = YES;
				CLANG_ENABLE_OBJC_WEAK = YES;
				CLANG_WARN_BLOCK_CAPTURE_AUTORELEASING = YES;
				CLANG_WARN_BOOL_CONVERSION = YES;
				CLANG_WARN_COMMA = YES;
				CLANG_WARN_CONSTANT_CONVERSION = YES;
				CLANG_WARN_DEPRECATED_OBJC_IMPLEMENTATIONS = YES;
				CLANG_WARN_DIRECT_OBJC_ISA_USAGE = YES_ERROR;
				CLANG_WARN_DOCUMENTATION_COMMENTS = YES;
				CLANG_WARN_EMPTY_BODY = YES;
				CLANG_WARN_ENUM_CONVERSION = YES;
				CLANG_WARN_INFINITE_RECURSION = YES;
				CLANG_WARN_INT_CONVERSION = YES;
				CLANG_WARN_NON_LITERAL_NULL_CONVERSION = YES;
				CLANG_WARN_OBJC_IMPLICIT_RETAIN_SELF = YES;
				CLANG_WARN_OBJC_LITERAL_CONVERSION = YES;
				CLANG_WARN_OBJC_ROOT_CLASS = YES_ERROR;
				CLANG_WARN_QUOTED_INCLUDE_IN_FRAMEWORK_HEADER = YES;
				CLANG_WARN_RANGE_LOOP_ANALYSIS = YES;
				CLANG_WARN_STRICT_PROTOTYPES = YES;
				CLANG_WARN_SUSPICIOUS_MOVE = YES;
				CLANG_WARN_UNGUARDED_AVAILABILITY = YES_AGGRESSIVE;
				CLANG_WARN_UNREACHABLE_CODE = YES;
				CLANG_WARN__DUPLICATE_METHOD_MATCH = YES;
				CODE_SIGN_STYLE = Automatic;
				COPY_PHASE_STRIP = NO;
				CURRENT_PROJECT_VERSION = 12;
				DEBUG_INFORMATION_FORMAT = "dwarf-with-dsym";
				DEVELOPMENT_TEAM = S8HQ5TEYDE;
				ENABLE_NS_ASSERTIONS = NO;
				ENABLE_STRICT_OBJC_MSGSEND = YES;
				GCC_C_LANGUAGE_STANDARD = gnu11;
				GCC_NO_COMMON_BLOCKS = YES;
				GCC_WARN_64_TO_32_BIT_CONVERSION = YES;
				GCC_WARN_ABOUT_RETURN_TYPE = YES_ERROR;
				GCC_WARN_UNDECLARED_SELECTOR = YES;
				GCC_WARN_UNINITIALIZED_AUTOS = YES_AGGRESSIVE;
				GCC_WARN_UNUSED_FUNCTION = YES;
				GCC_WARN_UNUSED_VARIABLE = YES;
				IPHONEOS_DEPLOYMENT_TARGET = 17.0;
				MACOSX_DEPLOYMENT_TARGET = 14.0;
				MARKETING_VERSION = 1.6;
				MTL_ENABLE_DEBUG_INFO = NO;
				MTL_FAST_MATH = YES;
				PRODUCT_NAME = "$(TARGET_NAME)";
				SWIFT_COMPILATION_MODE = wholemodule;
				SWIFT_OPTIMIZATION_LEVEL = "-O";
				SWIFT_VERSION = 5.0;
			};
			name = Release;
		};
		99E2FE4368337E7A38132766 /* Release */ = {
			isa = XCBuildConfiguration;
			buildSettings = {
				BUNDLE_LOADER = "$(TEST_HOST)";
				COMBINE_HIDPI_IMAGES = YES;
				GENERATE_INFOPLIST_FILE = YES;
				LD_RUNPATH_SEARCH_PATHS = (
					"$(inherited)",
					"@executable_path/../Frameworks",
					"@loader_path/../Frameworks",
				);
				PRODUCT_BUNDLE_IDENTIFIER = com.legacylab.gainmap.sync.tests;
				SDKROOT = macosx;
				TEST_HOST = "$(BUILT_PRODUCTS_DIR)/Gainmap.app/Contents/MacOS/Gainmap";
			};
			name = Release;
		};
		BDF29965D06B88D82D13B03A /* Debug */ = {
			isa = XCBuildConfiguration;
			buildSettings = {
				ALWAYS_SEARCH_USER_PATHS = NO;
				ARCHS = arm64;
				CLANG_ANALYZER_NONNULL = YES;
				CLANG_ANALYZER_NUMBER_OBJECT_CONVERSION = YES_AGGRESSIVE;
				CLANG_CXX_LANGUAGE_STANDARD = "gnu++14";
				CLANG_CXX_LIBRARY = "libc++";
				CLANG_ENABLE_MODULES = YES;
				CLANG_ENABLE_OBJC_ARC = YES;
				CLANG_ENABLE_OBJC_WEAK = YES;
				CLANG_WARN_BLOCK_CAPTURE_AUTORELEASING = YES;
				CLANG_WARN_BOOL_CONVERSION = YES;
				CLANG_WARN_COMMA = YES;
				CLANG_WARN_CONSTANT_CONVERSION = YES;
				CLANG_WARN_DEPRECATED_OBJC_IMPLEMENTATIONS = YES;
				CLANG_WARN_DIRECT_OBJC_ISA_USAGE = YES_ERROR;
				CLANG_WARN_DOCUMENTATION_COMMENTS = YES;
				CLANG_WARN_EMPTY_BODY = YES;
				CLANG_WARN_ENUM_CONVERSION = YES;
				CLANG_WARN_INFINITE_RECURSION = YES;
				CLANG_WARN_INT_CONVERSION = YES;
				CLANG_WARN_NON_LITERAL_NULL_CONVERSION = YES;
				CLANG_WARN_OBJC_IMPLICIT_RETAIN_SELF = YES;
				CLANG_WARN_OBJC_LITERAL_CONVERSION = YES;
				CLANG_WARN_OBJC_ROOT_CLASS = YES_ERROR;
				CLANG_WARN_QUOTED_INCLUDE_IN_FRAMEWORK_HEADER = YES;
				CLANG_WARN_RANGE_LOOP_ANALYSIS = YES;
				CLANG_WARN_STRICT_PROTOTYPES = YES;
				CLANG_WARN_SUSPICIOUS_MOVE = YES;
				CLANG_WARN_UNGUARDED_AVAILABILITY = YES_AGGRESSIVE;
				CLANG_WARN_UNREACHABLE_CODE = YES;
				CLANG_WARN__DUPLICATE_METHOD_MATCH = YES;
				CODE_SIGN_STYLE = Automatic;
				COPY_PHASE_STRIP = NO;
				CURRENT_PROJECT_VERSION = 12;
				DEBUG_INFORMATION_FORMAT = dwarf;
				DEVELOPMENT_TEAM = S8HQ5TEYDE;
				ENABLE_STRICT_OBJC_MSGSEND = YES;
				ENABLE_TESTABILITY = YES;
				GCC_C_LANGUAGE_STANDARD = gnu11;
				GCC_DYNAMIC_NO_PIC = NO;
				GCC_NO_COMMON_BLOCKS = YES;
				GCC_OPTIMIZATION_LEVEL = 0;
				GCC_PREPROCESSOR_DEFINITIONS = (
					"$(inherited)",
					"DEBUG=1",
				);
				GCC_WARN_64_TO_32_BIT_CONVERSION = YES;
				GCC_WARN_ABOUT_RETURN_TYPE = YES_ERROR;
				GCC_WARN_UNDECLARED_SELECTOR = YES;
				GCC_WARN_UNINITIALIZED_AUTOS = YES_AGGRESSIVE;
				GCC_WARN_UNUSED_FUNCTION = YES;
				GCC_WARN_UNUSED_VARIABLE = YES;
				IPHONEOS_DEPLOYMENT_TARGET = 17.0;
				MACOSX_DEPLOYMENT_TARGET = 14.0;
				MARKETING_VERSION = 1.6;
				MTL_ENABLE_DEBUG_INFO = INCLUDE_SOURCE;
				MTL_FAST_MATH = YES;
				ONLY_ACTIVE_ARCH = YES;
				PRODUCT_NAME = "$(TARGET_NAME)";
				SWIFT_ACTIVE_COMPILATION_CONDITIONS = DEBUG;
				SWIFT_OPTIMIZATION_LEVEL = "-Onone";
				SWIFT_VERSION = 5.0;
			};
			name = Debug;
		};
		DFA933E6EB1EB5D3301C026E /* Debug */ = {
			isa = XCBuildConfiguration;
			buildSettings = {
				CLANG_CXX_LANGUAGE_STANDARD = "c++17";
				CODE_SIGN_IDENTITY = "";
				CURRENT_PROJECT_VERSION = 1;
				DEFINES_MODULE = YES;
				DYLIB_COMPATIBILITY_VERSION = 1;
				DYLIB_CURRENT_VERSION = 1;
				DYLIB_INSTALL_NAME_BASE = "@rpath";
				FRAMEWORK_SEARCH_PATHS = (
					"$(inherited)",
					"\"Vendor\"",
				);
				GENERATE_INFOPLIST_FILE = YES;
				HEADER_SEARCH_PATHS = (
					"$(SRCROOT)/../upstream/src",
					"$(SRCROOT)/Vendor/GainmapUHDR.xcframework/macos-arm64/Headers",
				);
				INSTALL_PATH = "$(LOCAL_LIBRARY_DIR)/Frameworks";
				LD_RUNPATH_SEARCH_PATHS = (
					"$(inherited)",
					"@executable_path/Frameworks",
				);
				PRODUCT_BUNDLE_IDENTIFIER = com.legacylab.gainmap.core;
				PRODUCT_MODULE_NAME = GainmapCore;
				PRODUCT_NAME = GainmapCore;
				SDKROOT = auto;
				SKIP_INSTALL = YES;
				SUPPORTED_PLATFORMS = "iphoneos iphonesimulator macosx";
				SUPPORTS_MACCATALYST = NO;
				SUPPORTS_MAC_DESIGNED_FOR_IPHONE_IPAD = NO;
				SUPPORTS_XR_DESIGNED_FOR_IPHONE_IPAD = YES;
				TARGETED_DEVICE_FAMILY = "1,2";
				VERSIONING_SYSTEM = "apple-generic";
			};
			name = Debug;
		};
		E6A6D96F0369D0BF94E77572 /* Release */ = {
			isa = XCBuildConfiguration;
			buildSettings = {
				ASSETCATALOG_COMPILER_APPICON_NAME = AppIcon;
				CODE_SIGN_ENTITLEMENTS = iOS/Support/GainmapIOS.entitlements;
				CODE_SIGN_IDENTITY = "iPhone Developer";
				INFOPLIST_FILE = iOS/Support/Info.plist;
				LD_RUNPATH_SEARCH_PATHS = "@executable_path/Frameworks";
				PRODUCT_BUNDLE_IDENTIFIER = com.legacylab.gainmap.ios;
				PRODUCT_NAME = Gainmap;
				SDKROOT = iphoneos;
				TARGETED_DEVICE_FAMILY = 1;
			};
			name = Release;
		};
		ED6A7F9EDE8309851EC05F27 /* Debug */ = {
			isa = XCBuildConfiguration;
			buildSettings = {
				BUNDLE_LOADER = "$(TEST_HOST)";
				COMBINE_HIDPI_IMAGES = YES;
				GENERATE_INFOPLIST_FILE = YES;
				LD_RUNPATH_SEARCH_PATHS = (
					"$(inherited)",
					"@executable_path/../Frameworks",
					"@loader_path/../Frameworks",
				);
				PRODUCT_BUNDLE_IDENTIFIER = com.legacylab.gainmap.sync.tests;
				SDKROOT = macosx;
				TEST_HOST = "$(BUILT_PRODUCTS_DIR)/Gainmap.app/Contents/MacOS/Gainmap";
			};
			name = Debug;
		};
		FEBEFA63E1D120E431D55462 /* Debug */ = {
			isa = XCBuildConfiguration;
			buildSettings = {
				ASSETCATALOG_COMPILER_APPICON_NAME = AppIcon;
				CODE_SIGN_ENTITLEMENTS = iOS/Support/GainmapIOS.entitlements;
				CODE_SIGN_IDENTITY = "iPhone Developer";
				INFOPLIST_FILE = iOS/Support/Info.plist;
				LD_RUNPATH_SEARCH_PATHS = "@executable_path/Frameworks";
				PRODUCT_BUNDLE_IDENTIFIER = com.legacylab.gainmap.ios;
				PRODUCT_NAME = Gainmap;
				SDKROOT = iphoneos;
				TARGETED_DEVICE_FAMILY = 1;
			};
			name = Debug;
		};
/* End XCBuildConfiguration section */

/* Begin XCConfigurationList section */
		40A7946387D8B68A6C50FEC7 /* Build configuration list for PBXNativeTarget "GainmapCore" */ = {
			isa = XCConfigurationList;
			buildConfigurations = (
				DFA933E6EB1EB5D3301C026E /* Debug */,
				30C23D0002B3E681CFB99938 /* Release */,
			);
			defaultConfigurationIsVisible = 0;
			defaultConfigurationName = Debug;
		};
		493732B219A39EB868E00BBB /* Build configuration list for PBXNativeTarget "Gainmap" */ = {
			isa = XCConfigurationList;
			buildConfigurations = (
				2E45726F9CD04EDC0053E4DC /* Debug */,
				68B1742A65AEFC37D49155DD /* Release */,
			);
			defaultConfigurationIsVisible = 0;
			defaultConfigurationName = Debug;
		};
		4C9ABB1FB4F367E50C9D7097 /* Build configuration list for PBXNativeTarget "SyncIntegrationTests" */ = {
			isa = XCConfigurationList;
			buildConfigurations = (
				ED6A7F9EDE8309851EC05F27 /* Debug */,
				99E2FE4368337E7A38132766 /* Release */,
			);
			defaultConfigurationIsVisible = 0;
			defaultConfigurationName = Debug;
		};
		6A428BDD4BF15B72131871A1 /* Build configuration list for PBXProject "Gainmap" */ = {
			isa = XCConfigurationList;
			buildConfigurations = (
				BDF29965D06B88D82D13B03A /* Debug */,
				7CEACC75E86624465AA5833C /* Release */,
			);
			defaultConfigurationIsVisible = 0;
			defaultConfigurationName = Debug;
		};
		DCDCD59D93C5E644790BC363 /* Build configuration list for PBXNativeTarget "GainmapCoreTests" */ = {
			isa = XCConfigurationList;
			buildConfigurations = (
				55F07678429A9D308D5A35C4 /* Debug */,
				4C0BAE8181C47A6408FA2E5B /* Release */,
			);
			defaultConfigurationIsVisible = 0;
			defaultConfigurationName = Debug;
		};
		E02EF7E3E46DBAA233C75CEA /* Build configuration list for PBXNativeTarget "GainmapIOS" */ = {
			isa = XCConfigurationList;
			buildConfigurations = (
				FEBEFA63E1D120E431D55462 /* Debug */,
				E6A6D96F0369D0BF94E77572 /* Release */,
			);
			defaultConfigurationIsVisible = 0;
			defaultConfigurationName = Debug;
		};
/* End XCConfigurationList section */

/* Begin XCRemoteSwiftPackageReference section */
		76AF0D4F3F4038D72AADD75D /* XCRemoteSwiftPackageReference "sentry-cocoa" */ = {
			isa = XCRemoteSwiftPackageReference;
			repositoryURL = "https://github.com/getsentry/sentry-cocoa";
			requirement = {
				kind = upToNextMajorVersion;
				minimumVersion = 8.0.0;
			};
		};
		84719C2E6CCA9B414FE6C3FE /* XCRemoteSwiftPackageReference "firebase-ios-sdk" */ = {
			isa = XCRemoteSwiftPackageReference;
			repositoryURL = "https://github.com/firebase/firebase-ios-sdk";
			requirement = {
				kind = upToNextMajorVersion;
				minimumVersion = 12.0.0;
			};
		};
		DA1CFBB567A00F4BDE5BC12F /* XCRemoteSwiftPackageReference "Sparkle" */ = {
			isa = XCRemoteSwiftPackageReference;
			repositoryURL = "https://github.com/sparkle-project/Sparkle";
			requirement = {
				kind = upToNextMajorVersion;
				minimumVersion = 2.6.0;
			};
		};
/* End XCRemoteSwiftPackageReference section */

/* Begin XCSwiftPackageProductDependency section */
		29CB516E66BF848E02E65560 /* FirebaseFunctions */ = {
			isa = XCSwiftPackageProductDependency;
			package = 84719C2E6CCA9B414FE6C3FE /* XCRemoteSwiftPackageReference "firebase-ios-sdk" */;
			productName = FirebaseFunctions;
		};
		44B06E6BBE8DB15B991067DB /* Sentry */ = {
			isa = XCSwiftPackageProductDependency;
			package = 76AF0D4F3F4038D72AADD75D /* XCRemoteSwiftPackageReference "sentry-cocoa" */;
			productName = Sentry;
		};
		52C03F5F57D6F09C7B855234 /* FirebaseFirestore */ = {
			isa = XCSwiftPackageProductDependency;
			package = 84719C2E6CCA9B414FE6C3FE /* XCRemoteSwiftPackageReference "firebase-ios-sdk" */;
			productName = FirebaseFirestore;
		};
		8A46E4F2749932129E2112D8 /* Sparkle */ = {
			isa = XCSwiftPackageProductDependency;
			package = DA1CFBB567A00F4BDE5BC12F /* XCRemoteSwiftPackageReference "Sparkle" */;
			productName = Sparkle;
		};
		E0828484EE188163B872DB13 /* FirebaseAuth */ = {
			isa = XCSwiftPackageProductDependency;
			package = 84719C2E6CCA9B414FE6C3FE /* XCRemoteSwiftPackageReference "firebase-ios-sdk" */;
			productName = FirebaseAuth;
		};
		F11644BF50D9E92E97E3D941 /* FirebaseStorage */ = {
			isa = XCSwiftPackageProductDependency;
			package = 84719C2E6CCA9B414FE6C3FE /* XCRemoteSwiftPackageReference "firebase-ios-sdk" */;
			productName = FirebaseStorage;
		};
/* End XCSwiftPackageProductDependency section */
	};
	rootObject = 8A431407F4F415619ED5F5DA /* Project object */;
}
